
Microsoft Visual Studio Solution File, Format Version 12.00
# Visual Studio Version 16
VisualStudioVersion = 16.0.31424.327
MinimumVisualStudioVersion = 10.0.40219.1
Project("{FAE04EC0-301F-11D3-BF4B-00C04F79EFBC}") = "WebApi_RestDemo", "WebApi_RestDemo\WebApi_RestDemo.csproj", "{14893732-B57F-42D7-840B-424A070AA3BC}"
EndProject
Project("{FAE04EC0-301F-11D3-BF4B-00C04F79EFBC}") = "WpfApp_WebApi_Client", "WpfApp_WebApi_Client\WpfApp_WebApi_Client.csproj", "{5BE6912A-7F74-4D97-B797-C7DAAEAB9EE2}"
EndProject
Global
	GlobalSection(SolutionConfigurationPlatforms) = preSolution
		Debug|Any CPU = Debug|Any CPU
		Release|Any CPU = Release|Any CPU
	EndGlobalSection
	GlobalSection(ProjectConfigurationPlatforms) = postSolution
		{14893732-B57F-42D7-840B-424A070AA3BC}.Debug|Any CPU.ActiveCfg = Debug|Any CPU
		{14893732-B57F-42D7-840B-424A070AA3BC}.Debug|Any CPU.Build.0 = Debug|Any CPU
		{14893732-B57F-42D7-840B-424A070AA3BC}.Release|Any CPU.ActiveCfg = Release|Any CPU
		{14893732-B57F-42D7-840B-424A070AA3BC}.Release|Any CPU.Build.0 = Release|Any CPU
		{5BE6912A-7F74-4D97-B797-C7DAAEAB9EE2}.Debug|Any CPU.ActiveCfg = Debug|Any CPU
		{5BE6912A-7F74-4D97-B797-C7DAAEAB9EE2}.Debug|Any CPU.Build.0 = Debug|Any CPU
		{5BE6912A-7F74-4D97-B797-C7DAAEAB9EE2}.Release|Any CPU.ActiveCfg = Release|Any CPU
		{5BE6912A-7F74-4D97-B797-C7DAAEAB9EE2}.Release|Any CPU.Build.0 = Release|Any CPU
	EndGlobalSection
	GlobalSection(SolutionProperties) = preSolution
		HideSolutionNode = FALSE
	EndGlobalSection
	GlobalSection(ExtensibilityGlobals) = postSolution
		SolutionGuid = {AA1B46DC-CDFC-490F-B545-D4DBBDC1CC3D}
	EndGlobalSection
EndGlobal
